{
  "name": "yang-first-pkg",
  "version": "1.0.1",
  "lockfileVersion": 2,
  "requires": true,
  "packages": {
    "": {
      "name": "yang-first-pkg",
      "version": "1.0.1",
      "license": "ISC",
      "dependencies": {
        "yang-first-pkg": "^1.0.1"
      },
      "bin": {
        "yang": "bin/yang.js"
      }
    },
    "node_modules/yang-first-pkg": {
      "version": "1.0.1",
      "resolved": "https://registry.npmjs.org/yang-first-pkg/-/yang-first-pkg-1.0.1.tgz",
      "integrity": "sha512-4+0AzINc6fn+4ft+eD4cqLXsMoIF2nSqm4xvQb8WZax/G6SDtnAAflzR7pInC1OJ5FsLVWKkODiYg64wQn8qwg==",
      "bin": {
        "yang": "bin/yang.js"
      }
    }
  },
  "dependencies": {
    "yang-first-pkg": {
      "version": "1.0.1",
      "resolved": "https://registry.npmjs.org/yang-first-pkg/-/yang-first-pkg-1.0.1.tgz",
      "integrity": "sha512-4+0AzINc6fn+4ft+eD4cqLXsMoIF2nSqm4xvQb8WZax/G6SDtnAAflzR7pInC1OJ5FsLVWKkODiYg64wQn8qwg=="
    }
  }
}
